{
  "name": "frontend",
  "version": "0.0.0",
  "lockfileVersion": 3,
  "requires": true,
  "packages": {
    "": {
      "name": "frontend",
      "version": "0.0.0",
      "dependencies": {
        "@ag-ui/client": "^0.0.47",
        "@yuworm/agui-antdvn-chat": "file:../packages/chat-vue",
        "antdv-next": "^1.1.6",
        "axios": "^1.13.6",
        "markstream-vue": "^0.0.10-beta.1",
        "pinia": "^3.0.4",
        "vue": "^3.5.30",
        "vue-router": "4"
      },
      "devDependencies": {
        "@types/node": "^25.5.0",
        "@vitejs/plugin-vue": "^6.0.5",
        "@vue/tsconfig": "^0.9.0",
        "sass": "^1.98.0",
        "typescript": "~5.9.3",
        "vite": "^8.0.1",
        "vue-tsc": "^3.2.5"
      }
    },
    "../packages/chat-vue": {
      "name": "@yuworm/agui-antdvn-chat",
      "version": "0.1.0",
      "devDependencies": {
        "@ag-ui/client": "^0.0.47",
        "@ag-ui/core": "^0.0.47",
        "@vitejs/plugin-vue": "^6.0.5",
        "markstream-vue": "^0.0.10-beta.1",
        "typescript": "~5.9.3",
        "vite": "^8.0.1",
        "vite-plugin-dts": "^4.5.4",
        "vue": "^3.5.30",
        "vue-tsc": "^3.2.5"
      },
      "peerDependencies": {
        "@ag-ui/client": "^0.0.47",
        "@ag-ui/core": "^0.0.47",
        "markstream-vue": "^0.0.10-beta.1",
        "vue": "^3.3.0"
      },
      "peerDependenciesMeta": {
        "@ag-ui/client": {
          "optional": true
        },
        "@ag-ui/core": {
          "optional": true
        }
      }
    },
    "node_modules/@ag-ui/client": {
      "version": "0.0.47",
      "dependencies": {
        "@ag-ui/core": "0.0.47",
        "@ag-ui/encoder": "0.0.47",
        "@ag-ui/proto": "0.0.47",
        "@types/uuid": "^10.0.0",
        "compare-versions": "^6.1.1",
        "fast-json-patch": "^3.1.1",
        "rxjs": "7.8.1",
        "untruncate-json": "^0.0.1",
        "uuid": "^11.1.0",
        "zod": "^3.22.4"
      }
    },
    "node_modules/@ag-ui/core": {
      "version": "0.0.47",
      "dependencies": {
        "rxjs": "7.8.1",
        "zod": "^3.22.4"
      }
    },
    "node_modules/@ag-ui/encoder": {
      "version": "0.0.47",
      "dependencies": {
        "@ag-ui/core": "0.0.47",
        "@ag-ui/proto": "0.0.47"
      }
    },
    "node_modules/@ag-ui/proto": {
      "version": "0.0.47",
      "dependencies": {
        "@ag-ui/core": "0.0.47",
        "@bufbuild/protobuf": "^2.2.5",
        "@protobuf-ts/protoc": "^2.11.1"
      }
    },
    "node_modules/@ant-design/colors": {
      "version": "7.2.1",
      "license": "MIT",
      "dependencies": {
        "@ant-design/fast-color": "^2.0.6"
      }
    },
    "node_modules/@ant-design/colors/node_modules/@ant-design/fast-color": {
      "version": "2.0.6",
      "license": "MIT",
      "dependencies": {
        "@babel/runtime": "^7.24.7"
      },
      "engines": {
        "node": ">=8.x"
      }
    },
    "node_modules/@ant-design/fast-color": {
      "version": "3.0.1",
      "license": "MIT",
      "engines": {
        "node": ">=8.x"
      }
    },
    "node_modules/@ant-design/icons-svg": {
      "version": "4.4.2",
      "license": "MIT"
    },
    "node_modules/@antdv-next/cssinjs": {
      "version": "1.0.5",
      "dependencies": {
        "@emotion/hash": "^0.8.0",
        "@emotion/unitless": "^0.7.5",
        "@v-c/util": "^1.0.18",
        "csstype": "^3.2.3",
        "stylis": "^4.3.6"
      },
      "peerDependencies": {
        "vue": ">=3.2.0"
      }
    },
    "node_modules/@antdv-next/icons": {
      "version": "1.0.5",
      "dependencies": {
        "@ant-design/colors": "7.2.1",
        "@ant-design/icons-svg": "^4.4.2",
        "@v-c/util": "^1.0.15"
      },
      "peerDependencies": {
        "vue": ">=3.2.0"
      }
    },
    "node_modules/@babel/helper-string-parser": {
      "version": "7.27.1",
      "license": "MIT",
      "engines": {
        "node": ">=6.9.0"
      }
    },
    "node_modules/@babel/helper-validator-identifier": {
      "version": "7.28.5",
      "license": "MIT",
      "engines": {
        "node": ">=6.9.0"
      }
    },
    "node_modules/@babel/parser": {
      "version": "7.29.2",
      "license": "MIT",
      "dependencies": {
        "@babel/types": "^7.29.0"
      },
      "bin": {
        "parser": "bin/babel-parser.js"
      },
      "engines": {
        "node": ">=6.0.0"
      }
    },
    "node_modules/@babel/runtime": {
      "version": "7.29.2",
      "license": "MIT",
      "engines": {
        "node": ">=6.9.0"
      }
    },
    "node_modules/@babel/types": {
      "version": "7.29.0",
      "license": "MIT",
      "dependencies": {
        "@babel/helper-string-parser": "^7.27.1",
        "@babel/helper-validator-identifier": "^7.28.5"
      },
      "engines": {
        "node": ">=6.9.0"
      }
    },
    "node_modules/@bufbuild/protobuf": {
      "version": "2.11.0",
      "license": "(Apache-2.0 AND BSD-3-Clause)"
    },
    "node_modules/@emotion/hash": {
      "version": "0.8.0",
      "license": "MIT"
    },
    "node_modules/@emotion/unitless": {
      "version": "0.7.5",
      "license": "MIT"
    },
    "node_modules/@floating-ui/core": {
      "version": "1.7.5",
      "license": "MIT",
      "dependencies": {
        "@floating-ui/utils": "^0.2.11"
      }
    },
    "node_modules/@floating-ui/dom": {
      "version": "1.7.6",
      "license": "MIT",
      "dependencies": {
        "@floating-ui/core": "^1.7.5",
        "@floating-ui/utils": "^0.2.11"
      }
    },
    "node_modules/@floating-ui/utils": {
      "version": "0.2.11",
      "license": "MIT"
    },
    "node_modules/@jridgewell/sourcemap-codec": {
      "version": "1.5.5",
      "license": "MIT"
    },
    "node_modules/@oxc-project/types": {
      "version": "0.120.0",
      "dev": true,
      "license": "MIT",
      "funding": {
        "url": "https://github.com/sponsors/Boshen"
      }
    },
    "node_modules/@parcel/watcher": {
      "version": "2.5.6",
      "dev": true,
      "hasInstallScript": true,
      "license": "MIT",
      "optional": true,
      "dependencies": {
        "detect-libc": "^2.0.3",
        "is-glob": "^4.0.3",
        "node-addon-api": "^7.0.0",
        "picomatch": "^4.0.3"
      },
      "engines": {
        "node": ">= 10.0.0"
      },
      "funding": {
        "type": "opencollective",
        "url": "https://opencollective.com/parcel"
      },
      "optionalDependencies": {
        "@parcel/watcher-android-arm64": "2.5.6",
        "@parcel/watcher-darwin-arm64": "2.5.6",
        "@parcel/watcher-darwin-x64": "2.5.6",
        "@parcel/watcher-freebsd-x64": "2.5.6",
        "@parcel/watcher-linux-arm-glibc": "2.5.6",
        "@parcel/watcher-linux-arm-musl": "2.5.6",
        "@parcel/watcher-linux-arm64-glibc": "2.5.6",
        "@parcel/watcher-linux-arm64-musl": "2.5.6",
        "@parcel/watcher-linux-x64-glibc": "2.5.6",
        "@parcel/watcher-linux-x64-musl": "2.5.6",
        "@parcel/watcher-win32-arm64": "2.5.6",
        "@parcel/watcher-win32-ia32": "2.5.6",
        "@parcel/watcher-win32-x64": "2.5.6"
      }
    },
    "node_modules/@parcel/watcher-darwin-arm64": {
      "version": "2.5.6",
      "cpu": [
        "arm64"
      ],
      "dev": true,
      "license": "MIT",
      "optional": true,
      "os": [
        "darwin"
      ],
      "engines": {
        "node": ">= 10.0.0"
      },
      "funding": {
        "type": "opencollective",
        "url": "https://opencollective.com/parcel"
      }
    },
    "node_modules/@protobuf-ts/protoc": {
      "version": "2.11.1",
      "license": "Apache-2.0",
      "bin": {
        "protoc": "protoc.js"
      }
    },
    "node_modules/@rolldown/binding-darwin-arm64": {
      "version": "1.0.0-rc.10",
      "cpu": [
        "arm64"
      ],
      "dev": true,
      "license": "MIT",
      "optional": true,
      "os": [
        "darwin"
      ],
      "engines": {
        "node": "^20.19.0 || >=22.12.0"
      }
    },
    "node_modules/@rolldown/pluginutils": {
      "version": "1.0.0-rc.2",
      "dev": true,
      "license": "MIT"
    },
    "node_modules/@types/node": {
      "version": "25.5.0",
      "dev": true,
      "license": "MIT",
      "dependencies": {
        "undici-types": "~7.18.0"
      }
    },
    "node_modules/@types/uuid": {
      "version": "10.0.0",
      "license": "MIT"
    },
    "node_modules/@types/web-bluetooth": {
      "version": "0.0.21",
      "license": "MIT"
    },
    "node_modules/@v-c/async-validator": {
      "version": "1.0.1"
    },
    "node_modules/@v-c/cascader": {
      "version": "1.0.2",
      "dependencies": {
        "@v-c/select": "^1.0.16",
        "@v-c/tree": "^1.0.4",
        "@v-c/util": "^1.0.17"
      },
      "peerDependencies": {
        "vue": "^3.0.0"
      }
    },
    "node_modules/@v-c/checkbox": {
      "version": "1.0.1",
      "dependencies": {
        "@v-c/util": "^1.0.13"
      },
      "peerDependencies": {
        "vue": "^3.0.0"
      }
    },
    "node_modules/@v-c/collapse": {
      "version": "1.0.0",
      "dependencies": {
        "@v-c/util": "^1.0.9"
      },
      "peerDependencies": {
        "vue": "^3.0.0"
      }
    },
    "node_modules/@v-c/color-picker": {
      "version": "1.0.6",
      "license": "MIT",
      "dependencies": {
        "@ant-design/fast-color": "^3.0.0",
        "@v-c/util": "^1.0.14"
      },
      "peerDependencies": {
        "vue": "^3.0.0"
      }
    },
    "node_modules/@v-c/dialog": {
      "version": "1.0.3",
      "dependencies": {
        "@v-c/portal": "^1.0.8",
        "@v-c/util": "^1.0.19"
      },
      "peerDependencies": {
        "vue": "^3.0.0"
      }
    },
    "node_modules/@v-c/drawer": {
      "version": "1.0.2",
      "license": "MIT",
      "dependencies": {
        "@v-c/portal": "^1.0.8",
        "@v-c/util": "^1.0.19"
      },
      "peerDependencies": {
        "vue": "^3.0.0"
      }
    },
    "node_modules/@v-c/dropdown": {
      "version": "1.0.2",
      "license": "MIT",
      "dependencies": {
        "@v-c/trigger": "^1.0.6",
        "@v-c/util": "^1.0.9"
      },
      "peerDependencies": {
        "vue": "^3.0.0"
      }
    },
    "node_modules/@v-c/image": {
      "version": "1.0.7",
      "license": "MIT",
      "dependencies": {
        "@v-c/portal": "^1.0.8",
        "@v-c/util": "^1.0.19"
      },
      "peerDependencies": {
        "vue": "^3.0.0"
      }
    },
    "node_modules/@v-c/input": {
      "version": "1.0.2",
      "dependencies": {
        "@v-c/util": "^1.0.9"
      },
      "peerDependencies": {
        "vue": "^3.0.0"
      }
    },
    "node_modules/@v-c/input-number": {
      "version": "1.0.5",
      "dependencies": {
        "@v-c/input": "^1.0.2",
        "@v-c/mini-decimal": "^1.0.1",
        "@v-c/util": "^1.0.18"
      },
      "peerDependencies": {
        "vue": "^3.0.0"
      }
    },
    "node_modules/@v-c/mentions": {
      "version": "1.0.0",
      "dependencies": {
        "@v-c/input": "^1.0.2",
        "@v-c/menu": "^1.0.7",
        "@v-c/textarea": "^1.0.3",
        "@v-c/trigger": "^1.0.6",
        "@v-c/util": "^1.0.9"
      },
      "peerDependencies": {
        "vue": "^3.0.0"
      }
    },
    "node_modules/@v-c/menu": {
      "version": "1.0.12",
      "dependencies": {
        "@v-c/overflow": "^1.0.4",
        "@v-c/trigger": "^1.0.14",
        "@v-c/util": "^1.0.19"
      },
      "peerDependencies": {
        "vue": "^3.0.0"
      }
    },
    "node_modules/@v-c/mini-decimal": {
      "version": "1.0.1",
      "license": "MIT"
    },
    "node_modules/@v-c/mutate-observer": {
      "version": "1.0.1",
      "dependencies": {
        "@v-c/resize-observer": "^1.0.8",
        "@v-c/util": "^1.0.9"
      },
      "peerDependencies": {
        "vue": "^3.0.0"
      }
    },
    "node_modules/@v-c/notification": {
      "version": "1.0.0",
      "dependencies": {
        "@v-c/util": "^1.0.9"
      },
      "peerDependencies": {
        "vue": "^3.0.0"
      }
    },
    "node_modules/@v-c/overflow": {
      "version": "1.0.4",
      "dependencies": {
        "@v-c/resize-observer": "^1.0.8",
        "@v-c/util": "^1.0.17"
      },
      "peerDependencies": {
        "vue": "^3.0.0"
      }
    },
    "node_modules/@v-c/pagination": {
      "version": "1.0.0",
      "dependencies": {
        "@v-c/util": "^1.0.9"
      },
      "peerDependencies": {
        "vue": "^3.0.0"
      }
    },
    "node_modules/@v-c/picker": {
      "version": "1.0.4",
      "license": "MIT",
      "dependencies": {
        "@v-c/overflow": "^1.0.3",
        "@v-c/resize-observer": "^1.0.8",
        "@v-c/trigger": "^1.0.11",
        "@v-c/util": "^1.0.14"
      },
      "peerDependencies": {
        "date-fns": ">= 2.x",
        "dayjs": ">= 1.x",
        "luxon": ">= 3.x",
        "moment": ">= 2.x",
        "vue": "^3.0.0"
      },
      "peerDependenciesMeta": {
        "date-fns": {
          "optional": true
        },
        "dayjs": {
          "optional": true
        },
        "luxon": {
          "optional": true
        },
        "moment": {
          "optional": true
        }
      }
    },
    "node_modules/@v-c/portal": {
      "version": "1.0.8",
      "dependencies": {
        "@v-c/util": "^1.0.18"
      },
      "peerDependencies": {
        "vue": "^3.0.0"
      }
    },
    "node_modules/@v-c/progress": {
      "version": "1.0.0",
      "dependencies": {
        "@v-c/util": "^1.0.9"
      },
      "peerDependencies": {
        "vue": "^3.0.0"
      }
    },
    "node_modules/@v-c/qrcode": {
      "version": "1.0.0",
      "license": "MIT",
      "dependencies": {
        "@v-c/util": "^1.0.9"
      },
      "peerDependencies": {
        "vue": "^3.0.0"
      }
    },
    "node_modules/@v-c/rate": {
      "version": "1.0.1",
      "dependencies": {
        "@v-c/util": "^1.0.14"
      },
      "peerDependencies": {
        "vue": "^3.0.0"
      }
    },
    "node_modules/@v-c/resize-observer": {
      "version": "1.0.8",
      "dependencies": {
        "@v-c/util": "^1.0.9",
        "resize-observer-polyfill": "^1.5.1"
      },
      "peerDependencies": {
        "vue": "^3.0.0"
      }
    },
    "node_modules/@v-c/segmented": {
      "version": "1.0.1",
      "license": "MIT",
      "dependencies": {
        "@v-c/util": "^1.0.17"
      },
      "peerDependencies": {
        "vue": "^3.0.0"
      }
    },
    "node_modules/@v-c/select": {
      "version": "1.0.20",
      "license": "MIT",
      "dependencies": {
        "@v-c/overflow": "^1.0.4",
        "@v-c/trigger": "^1.0.13",
        "@v-c/util": "^1.0.18",
        "@v-c/virtual-list": "^1.0.6"
      },
      "peerDependencies": {
        "vue": "^3.0.0"
      }
    },
    "node_modules/@v-c/slick": {
      "version": "1.0.2",
      "dependencies": {
        "@v-c/util": "^1.0.17",
        "es-toolkit": "^1.43.0"
      },
      "peerDependencies": {
        "vue": "^3.0.0"
      }
    },
    "node_modules/@v-c/slider": {
      "version": "1.0.10",
      "license": "MIT",
      "dependencies": {
        "@v-c/util": "^1.0.9"
      },
      "peerDependencies": {
        "vue": "^3.0.0"
      }
    },
    "node_modules/@v-c/steps": {
      "version": "1.0.0",
      "dependencies": {
        "@v-c/util": "^1.0.9"
      },
      "peerDependencies": {
        "vue": "^3.0.0"
      }
    },
    "node_modules/@v-c/switch": {
      "version": "1.0.0",
      "dependencies": {
        "@v-c/util": "^1.0.9"
      },
      "peerDependencies": {
        "vue": "^3.0.0"
      }
    },
    "node_modules/@v-c/table": {
      "version": "1.0.3",
      "dependencies": {
        "@v-c/resize-observer": "^1.0.8",
        "@v-c/util": "^1.0.18",
        "@v-c/virtual-list": "^1.0.6"
      },
      "peerDependencies": {
        "vue": "^3.0.0"
      }
    },
    "node_modules/@v-c/tabs": {
      "version": "1.0.1",
      "license": "MIT",
      "dependencies": {
        "@v-c/dropdown": "^1.0.2",
        "@v-c/menu": "^1.0.7",
        "@v-c/overflow": "^1.0.3",
        "@v-c/resize-observer": "^1.0.8",
        "@v-c/util": "^1.0.9"
      },
      "peerDependencies": {
        "vue": "^3.0.0"
      }
    },
    "node_modules/@v-c/textarea": {
      "version": "1.0.3",
      "dependencies": {
        "@v-c/input": "^1.0.2",
        "@v-c/resize-observer": "^1.0.8",
        "@v-c/util": "^1.0.9"
      },
      "peerDependencies": {
        "vue": "^3.0.0"
      }
    },
    "node_modules/@v-c/tooltip": {
      "version": "1.0.3",
      "license": "MIT",
      "dependencies": {
        "@v-c/trigger": "^1.0.11",
        "@v-c/util": "^1.0.13"
      },
      "peerDependencies": {
        "vue": "^3.0.0"
      }
    },
    "node_modules/@v-c/tour": {
      "version": "1.0.3",
      "license": "MIT",
      "dependencies": {
        "@v-c/portal": "^1.0.6",
        "@v-c/trigger": "^1.0.6",
        "@v-c/util": "^1.0.9"
      },
      "peerDependencies": {
        "vue": "^3.0.0"
      }
    },
    "node_modules/@v-c/tree": {
      "version": "1.0.5",
      "license": "MIT",
      "dependencies": {
        "@v-c/util": "^1.0.18",
        "@v-c/virtual-list": "^1.0.6"
      },
      "peerDependencies": {
        "vue": "^3.0.0"
      }
    },
    "node_modules/@v-c/tree-select": {
      "version": "1.0.3",
      "license": "MIT",
      "dependencies": {
        "@v-c/select": "^1.0.19",
        "@v-c/tree": "^1.0.5",
        "@v-c/util": "^1.0.18"
      },
      "peerDependencies": {
        "vue": "^3.0.0"
      }
    },
    "node_modules/@v-c/trigger": {
      "version": "1.0.14",
      "license": "MIT",
      "dependencies": {
        "@v-c/portal": "^1.0.8",
        "@v-c/resize-observer": "^1.0.8",
        "@v-c/util": "^1.0.19"
      },
      "peerDependencies": {
        "vue": "^3.0.0"
      }
    },
    "node_modules/@v-c/upload": {
      "version": "1.0.0",
      "dependencies": {
        "@v-c/util": "^1.0.9"
      },
      "peerDependencies": {
        "vue": "^3.0.0"
      }
    },
    "node_modules/@v-c/util": {
      "version": "1.0.19",
      "peerDependencies": {
        "vue": "^3.0.0"
      }
    },
    "node_modules/@v-c/virtual-list": {
      "version": "1.0.6",
      "license": "MIT",
      "dependencies": {
        "@v-c/resize-observer": "^1.0.8",
        "@v-c/util": "^1.0.14"
      },
      "peerDependencies": {
        "vue": "^3.0.0"
      }
    },
    "node_modules/@vitejs/plugin-vue": {
      "version": "6.0.5",
      "dev": true,
      "license": "MIT",
      "dependencies": {
        "@rolldown/pluginutils": "1.0.0-rc.2"
      },
      "engines": {
        "node": "^20.19.0 || >=22.12.0"
      },
      "peerDependencies": {
        "vite": "^5.0.0 || ^6.0.0 || ^7.0.0 || ^8.0.0",
        "vue": "^3.2.25"
      }
    },
    "node_modules/@volar/language-core": {
      "version": "2.4.28",
      "dev": true,
      "license": "MIT",
      "dependencies": {
        "@volar/source-map": "2.4.28"
      }
    },
    "node_modules/@volar/source-map": {
      "version": "2.4.28",
      "dev": true,
      "license": "MIT"
    },
    "node_modules/@volar/typescript": {
      "version": "2.4.28",
      "dev": true,
      "license": "MIT",
      "dependencies": {
        "@volar/language-core": "2.4.28",
        "path-browserify": "^1.0.1",
        "vscode-uri": "^3.0.8"
      }
    },
    "node_modules/@vue/compiler-core": {
      "version": "3.5.30",
      "license": "MIT",
      "dependencies": {
        "@babel/parser": "^7.29.0",
        "@vue/shared": "3.5.30",
        "entities": "^7.0.1",
        "estree-walker": "^2.0.2",
        "source-map-js": "^1.2.1"
      }
    },
    "node_modules/@vue/compiler-core/node_modules/entities": {
      "version": "7.0.1",
      "license": "BSD-2-Clause",
      "engines": {
        "node": ">=0.12"
      },
      "funding": {
        "url": "https://github.com/fb55/entities?sponsor=1"
      }
    },
    "node_modules/@vue/compiler-dom": {
      "version": "3.5.30",
      "license": "MIT",
      "dependencies": {
        "@vue/compiler-core": "3.5.30",
        "@vue/shared": "3.5.30"
      }
    },
    "node_modules/@vue/compiler-sfc": {
      "version": "3.5.30",
      "license": "MIT",
      "dependencies": {
        "@babel/parser": "^7.29.0",
        "@vue/compiler-core": "3.5.30",
        "@vue/compiler-dom": "3.5.30",
        "@vue/compiler-ssr": "3.5.30",
        "@vue/shared": "3.5.30",
        "estree-walker": "^2.0.2",
        "magic-string": "^0.30.21",
        "postcss": "^8.5.8",
        "source-map-js": "^1.2.1"
      }
    },
    "node_modules/@vue/compiler-ssr": {
      "version": "3.5.30",
      "license": "MIT",
      "dependencies": {
        "@vue/compiler-dom": "3.5.30",
        "@vue/shared": "3.5.30"
      }
    },
    "node_modules/@vue/devtools-api": {
      "version": "7.7.9",
      "license": "MIT",
      "dependencies": {
        "@vue/devtools-kit": "^7.7.9"
      }
    },
    "node_modules/@vue/devtools-kit": {
      "version": "7.7.9",
      "license": "MIT",
      "dependencies": {
        "@vue/devtools-shared": "^7.7.9",
        "birpc": "^2.3.0",
        "hookable": "^5.5.3",
        "mitt": "^3.0.1",
        "perfect-debounce": "^1.0.0",
        "speakingurl": "^14.0.1",
        "superjson": "^2.2.2"
      }
    },
    "node_modules/@vue/devtools-shared": {
      "version": "7.7.9",
      "license": "MIT",
      "dependencies": {
        "rfdc": "^1.4.1"
      }
    },
    "node_modules/@vue/language-core": {
      "version": "3.2.6",
      "dev": true,
      "license": "MIT",
      "dependencies": {
        "@volar/language-core": "2.4.28",
        "@vue/compiler-dom": "^3.5.0",
        "@vue/shared": "^3.5.0",
        "alien-signals": "^3.0.0",
        "muggle-string": "^0.4.1",
        "path-browserify": "^1.0.1",
        "picomatch": "^4.0.2"
      }
    },
    "node_modules/@vue/reactivity": {
      "version": "3.5.30",
      "license": "MIT",
      "dependencies": {
        "@vue/shared": "3.5.30"
      }
    },
    "node_modules/@vue/runtime-core": {
      "version": "3.5.30",
      "license": "MIT",
      "dependencies": {
        "@vue/reactivity": "3.5.30",
        "@vue/shared": "3.5.30"
      }
    },
    "node_modules/@vue/runtime-dom": {
      "version": "3.5.30",
      "license": "MIT",
      "dependencies": {
        "@vue/reactivity": "3.5.30",
        "@vue/runtime-core": "3.5.30",
        "@vue/shared": "3.5.30",
        "csstype": "^3.2.3"
      }
    },
    "node_modules/@vue/server-renderer": {
      "version": "3.5.30",
      "license": "MIT",
      "dependencies": {
        "@vue/compiler-ssr": "3.5.30",
        "@vue/shared": "3.5.30"
      },
      "peerDependencies": {
        "vue": "3.5.30"
      }
    },
    "node_modules/@vue/shared": {
      "version": "3.5.30",
      "license": "MIT"
    },
    "node_modules/@vue/tsconfig": {
      "version": "0.9.0",
      "dev": true,
      "license": "MIT",
      "peerDependencies": {
        "typescript": "5.x",
        "vue": "^3.4.0"
      },
      "peerDependenciesMeta": {
        "typescript": {
          "optional": true
        },
        "vue": {
          "optional": true
        }
      }
    },
    "node_modules/@vueuse/core": {
      "version": "14.2.1",
      "license": "MIT",
      "dependencies": {
        "@types/web-bluetooth": "^0.0.21",
        "@vueuse/metadata": "14.2.1",
        "@vueuse/shared": "14.2.1"
      },
      "funding": {
        "url": "https://github.com/sponsors/antfu"
      },
      "peerDependencies": {
        "vue": "^3.5.0"
      }
    },
    "node_modules/@vueuse/metadata": {
      "version": "14.2.1",
      "license": "MIT",
      "funding": {
        "url": "https://github.com/sponsors/antfu"
      }
    },
    "node_modules/@vueuse/shared": {
      "version": "14.2.1",
      "license": "MIT",
      "funding": {
        "url": "https://github.com/sponsors/antfu"
      },
      "peerDependencies": {
        "vue": "^3.5.0"
      }
    },
    "node_modules/@yuworm/agui-antdvn-chat": {
      "resolved": "../packages/chat-vue",
      "link": true
    },
    "node_modules/alien-signals": {
      "version": "3.1.2",
      "dev": true,
      "license": "MIT"
    },
    "node_modules/antdv-next": {
      "version": "1.1.6",
      "license": "MIT",
      "dependencies": {
        "@ant-design/colors": "7.2.1",
        "@ant-design/fast-color": "^3.0.1",
        "@antdv-next/cssinjs": "^1.0.5",
        "@antdv-next/icons": "^1.0.5",
        "@v-c/async-validator": "^1.0.1",
        "@v-c/cascader": "^1.0.2",
        "@v-c/checkbox": "^1.0.1",
        "@v-c/collapse": "^1.0.0",
        "@v-c/color-picker": "^1.0.6",
        "@v-c/dialog": "^1.0.3",
        "@v-c/drawer": "^1.0.2",
        "@v-c/dropdown": "^1.0.2",
        "@v-c/image": "^1.0.7",
        "@v-c/input": "^1.0.2",
        "@v-c/input-number": "^1.0.5",
        "@v-c/mentions": "^1.0.0",
        "@v-c/menu": "^1.0.12",
        "@v-c/mutate-observer": "^1.0.1",
        "@v-c/notification": "^1.0.0",
        "@v-c/pagination": "^1.0.0",
        "@v-c/picker": "^1.0.4",
        "@v-c/progress": "^1.0.0",
        "@v-c/qrcode": "^1.0.0",
        "@v-c/rate": "^1.0.1",
        "@v-c/resize-observer": "^1.0.8",
        "@v-c/segmented": "^1.0.1",
        "@v-c/select": "^1.0.20",
        "@v-c/slick": "^1.0.2",
        "@v-c/slider": "^1.0.10",
        "@v-c/steps": "^1.0.0",
        "@v-c/switch": "^1.0.0",
        "@v-c/table": "^1.0.3",
        "@v-c/tabs": "^1.0.1",
        "@v-c/textarea": "^1.0.3",
        "@v-c/tooltip": "^1.0.3",
        "@v-c/tour": "^1.0.3",
        "@v-c/tree": "^1.0.5",
        "@v-c/tree-select": "^1.0.3",
        "@v-c/trigger": "^1.0.14",
        "@v-c/upload": "^1.0.0",
        "@v-c/util": "^1.0.19",
        "@v-c/virtual-list": "^1.0.6",
        "@vueuse/core": "^14.2.1",
        "dayjs": "^1.11.20",
        "es-toolkit": "1.45.1",
        "scroll-into-view-if-needed": "^3.1.0",
        "throttle-debounce": "^5.0.2"
      }
    },
    "node_modules/asynckit": {
      "version": "0.4.0",
      "license": "MIT"
    },
    "node_modules/axios": {
      "version": "1.13.6",
      "license": "MIT",
      "dependencies": {
        "follow-redirects": "^1.15.11",
        "form-data": "^4.0.5",
        "proxy-from-env": "^1.1.0"
      }
    },
    "node_modules/birpc": {
      "version": "2.9.0",
      "license": "MIT",
      "funding": {
        "url": "https://github.com/sponsors/antfu"
      }
    },
    "node_modules/call-bind-apply-helpers": {
      "version": "1.0.2",
      "license": "MIT",
      "dependencies": {
        "es-errors": "^1.3.0",
        "function-bind": "^1.1.2"
      },
      "engines": {
        "node": ">= 0.4"
      }
    },
    "node_modules/chokidar": {
      "version": "4.0.3",
      "dev": true,
      "license": "MIT",
      "dependencies": {
        "readdirp": "^4.0.1"
      },
      "engines": {
        "node": ">= 14.16.0"
      },
      "funding": {
        "url": "https://paulmillr.com/funding/"
      }
    },
    "node_modules/combined-stream": {
      "version": "1.0.8",
      "license": "MIT",
      "dependencies": {
        "delayed-stream": "~1.0.0"
      },
      "engines": {
        "node": ">= 0.8"
      }
    },
    "node_modules/compare-versions": {
      "version": "6.1.1",
      "license": "MIT"
    },
    "node_modules/compute-scroll-into-view": {
      "version": "3.1.1",
      "license": "MIT"
    },
    "node_modules/copy-anything": {
      "version": "4.0.5",
      "license": "MIT",
      "dependencies": {
        "is-what": "^5.2.0"
      },
      "engines": {
        "node": ">=18"
      },
      "funding": {
        "url": "https://github.com/sponsors/mesqueeb"
      }
    },
    "node_modules/csstype": {
      "version": "3.2.3",
      "license": "MIT"
    },
    "node_modules/dayjs": {
      "version": "1.11.20",
      "license": "MIT"
    },
    "node_modules/delayed-stream": {
      "version": "1.0.0",
      "license": "MIT",
      "engines": {
        "node": ">=0.4.0"
      }
    },
    "node_modules/detect-libc": {
      "version": "2.1.2",
      "dev": true,
      "license": "Apache-2.0",
      "engines": {
        "node": ">=8"
      }
    },
    "node_modules/dunder-proto": {
      "version": "1.0.1",
      "license": "MIT",
      "dependencies": {
        "call-bind-apply-helpers": "^1.0.1",
        "es-errors": "^1.3.0",
        "gopd": "^1.2.0"
      },
      "engines": {
        "node": ">= 0.4"
      }
    },
    "node_modules/entities": {
      "version": "4.5.0",
      "license": "BSD-2-Clause",
      "engines": {
        "node": ">=0.12"
      },
      "funding": {
        "url": "https://github.com/fb55/entities?sponsor=1"
      }
    },
    "node_modules/es-define-property": {
      "version": "1.0.1",
      "license": "MIT",
      "engines": {
        "node": ">= 0.4"
      }
    },
    "node_modules/es-errors": {
      "version": "1.3.0",
      "license": "MIT",
      "engines": {
        "node": ">= 0.4"
      }
    },
    "node_modules/es-object-atoms": {
      "version": "1.1.1",
      "license": "MIT",
      "dependencies": {
        "es-errors": "^1.3.0"
      },
      "engines": {
        "node": ">= 0.4"
      }
    },
    "node_modules/es-set-tostringtag": {
      "version": "2.1.0",
      "license": "MIT",
      "dependencies": {
        "es-errors": "^1.3.0",
        "get-intrinsic": "^1.2.6",
        "has-tostringtag": "^1.0.2",
        "hasown": "^2.0.2"
      },
      "engines": {
        "node": ">= 0.4"
      }
    },
    "node_modules/es-toolkit": {
      "version": "1.45.1",
      "license": "MIT",
      "workspaces": [
        "docs",
        "benchmarks"
      ]
    },
    "node_modules/estree-walker": {
      "version": "2.0.2",
      "license": "MIT"
    },
    "node_modules/fast-json-patch": {
      "version": "3.1.1",
      "license": "MIT"
    },
    "node_modules/fdir": {
      "version": "6.5.0",
      "dev": true,
      "license": "MIT",
      "engines": {
        "node": ">=12.0.0"
      },
      "peerDependencies": {
        "picomatch": "^3 || ^4"
      },
      "peerDependenciesMeta": {
        "picomatch": {
          "optional": true
        }
      }
    },
    "node_modules/follow-redirects": {
      "version": "1.15.11",
      "funding": [
        {
          "type": "individual",
          "url": "https://github.com/sponsors/RubenVerborgh"
        }
      ],
      "license": "MIT",
      "engines": {
        "node": ">=4.0"
      },
      "peerDependenciesMeta": {
        "debug": {
          "optional": true
        }
      }
    },
    "node_modules/form-data": {
      "version": "4.0.5",
      "license": "MIT",
      "dependencies": {
        "asynckit": "^0.4.0",
        "combined-stream": "^1.0.8",
        "es-set-tostringtag": "^2.1.0",
        "hasown": "^2.0.2",
        "mime-types": "^2.1.12"
      },
      "engines": {
        "node": ">= 6"
      }
    },
    "node_modules/fsevents": {
      "version": "2.3.3",
      "dev": true,
      "license": "MIT",
      "optional": true,
      "os": [
        "darwin"
      ],
      "engines": {
        "node": "^8.16.0 || ^10.6.0 || >=11.0.0"
      }
    },
    "node_modules/function-bind": {
      "version": "1.1.2",
      "license": "MIT",
      "funding": {
        "url": "https://github.com/sponsors/ljharb"
      }
    },
    "node_modules/get-intrinsic": {
      "version": "1.3.0",
      "license": "MIT",
      "dependencies": {
        "call-bind-apply-helpers": "^1.0.2",
        "es-define-property": "^1.0.1",
        "es-errors": "^1.3.0",
        "es-object-atoms": "^1.1.1",
        "function-bind": "^1.1.2",
        "get-proto": "^1.0.1",
        "gopd": "^1.2.0",
        "has-symbols": "^1.1.0",
        "hasown": "^2.0.2",
        "math-intrinsics": "^1.1.0"
      },
      "engines": {
        "node": ">= 0.4"
      },
      "funding": {
        "url": "https://github.com/sponsors/ljharb"
      }
    },
    "node_modules/get-proto": {
      "version": "1.0.1",
      "license": "MIT",
      "dependencies": {
        "dunder-proto": "^1.0.1",
        "es-object-atoms": "^1.0.0"
      },
      "engines": {
        "node": ">= 0.4"
      }
    },
    "node_modules/gopd": {
      "version": "1.2.0",
      "license": "MIT",
      "engines": {
        "node": ">= 0.4"
      },
      "funding": {
        "url": "https://github.com/sponsors/ljharb"
      }
    },
    "node_modules/has-symbols": {
      "version": "1.1.0",
      "license": "MIT",
      "engines": {
        "node": ">= 0.4"
      },
      "funding": {
        "url": "https://github.com/sponsors/ljharb"
      }
    },
    "node_modules/has-tostringtag": {
      "version": "1.0.2",
      "license": "MIT",
      "dependencies": {
        "has-symbols": "^1.0.3"
      },
      "engines": {
        "node": ">= 0.4"
      },
      "funding": {
        "url": "https://github.com/sponsors/ljharb"
      }
    },
    "node_modules/hasown": {
      "version": "2.0.2",
      "license": "MIT",
      "dependencies": {
        "function-bind": "^1.1.2"
      },
      "engines": {
        "node": ">= 0.4"
      }
    },
    "node_modules/hookable": {
      "version": "5.5.3",
      "license": "MIT"
    },
    "node_modules/immutable": {
      "version": "5.1.5",
      "dev": true,
      "license": "MIT"
    },
    "node_modules/is-extglob": {
      "version": "2.1.1",
      "dev": true,
      "license": "MIT",
      "optional": true,
      "engines": {
        "node": ">=0.10.0"
      }
    },
    "node_modules/is-glob": {
      "version": "4.0.3",
      "dev": true,
      "license": "MIT",
      "optional": true,
      "dependencies": {
        "is-extglob": "^2.1.1"
      },
      "engines": {
        "node": ">=0.10.0"
      }
    },
    "node_modules/is-what": {
      "version": "5.5.0",
      "license": "MIT",
      "engines": {
        "node": ">=18"
      },
      "funding": {
        "url": "https://github.com/sponsors/mesqueeb"
      }
    },
    "node_modules/lightningcss": {
      "version": "1.32.0",
      "dev": true,
      "license": "MPL-2.0",
      "dependencies": {
        "detect-libc": "^2.0.3"
      },
      "engines": {
        "node": ">= 12.0.0"
      },
      "funding": {
        "type": "opencollective",
        "url": "https://opencollective.com/parcel"
      },
      "optionalDependencies": {
        "lightningcss-android-arm64": "1.32.0",
        "lightningcss-darwin-arm64": "1.32.0",
        "lightningcss-darwin-x64": "1.32.0",
        "lightningcss-freebsd-x64": "1.32.0",
        "lightningcss-linux-arm-gnueabihf": "1.32.0",
        "lightningcss-linux-arm64-gnu": "1.32.0",
        "lightningcss-linux-arm64-musl": "1.32.0",
        "lightningcss-linux-x64-gnu": "1.32.0",
        "lightningcss-linux-x64-musl": "1.32.0",
        "lightningcss-win32-arm64-msvc": "1.32.0",
        "lightningcss-win32-x64-msvc": "1.32.0"
      }
    },
    "node_modules/lightningcss-darwin-arm64": {
      "version": "1.32.0",
      "cpu": [
        "arm64"
      ],
      "dev": true,
      "license": "MPL-2.0",
      "optional": true,
      "os": [
        "darwin"
      ],
      "engines": {
        "node": ">= 12.0.0"
      },
      "funding": {
        "type": "opencollective",
        "url": "https://opencollective.com/parcel"
      }
    },
    "node_modules/linkify-it": {
      "version": "5.0.0",
      "license": "MIT",
      "dependencies": {
        "uc.micro": "^2.0.0"
      }
    },
    "node_modules/magic-string": {
      "version": "0.30.21",
      "license": "MIT",
      "dependencies": {
        "@jridgewell/sourcemap-codec": "^1.5.5"
      }
    },
    "node_modules/markdown-it-container": {
      "version": "4.0.0",
      "license": "MIT"
    },
    "node_modules/markdown-it-footnote": {
      "version": "4.0.0",
      "license": "MIT"
    },
    "node_modules/markdown-it-ins": {
      "version": "4.0.0",
      "license": "MIT"
    },
    "node_modules/markdown-it-mark": {
      "version": "4.0.0",
      "license": "MIT"
    },
    "node_modules/markdown-it-sub": {
      "version": "2.0.0",
      "license": "MIT"
    },
    "node_modules/markdown-it-sup": {
      "version": "2.0.0",
      "license": "MIT"
    },
    "node_modules/markdown-it-task-checkbox": {
      "version": "1.0.6",
      "license": "ISC"
    },
    "node_modules/markdown-it-ts": {
      "version": "0.0.9",
      "license": "MIT",
      "dependencies": {
        "entities": "^4.5.0",
        "linkify-it": "^5.0.0",
        "mdurl": "^2.0.0",
        "punycode.js": "^2.3.1",
        "uc.micro": "^2.1.0"
      },
      "engines": {
        "node": ">=18"
      }
    },
    "node_modules/markstream-vue": {
      "version": "0.0.10-beta.1",
      "license": "MIT",
      "dependencies": {
        "@floating-ui/dom": "^1.7.6",
        "stream-markdown-parser": "0.0.74"
      },
      "bin": {
        "markstream-vue": "bin/markstream-vue.mjs"
      },
      "peerDependencies": {
        "@antv/infographic": "^0.2.3",
        "@terrastruct/d2": ">=0.1.33",
        "katex": ">=0.16.22",
        "mermaid": ">=11",
        "shiki": "^3.13.0",
        "stream-markdown": ">=0.0.14",
        "stream-monaco": ">=0.0.20",
        "vue": ">=3.0.0",
        "vue-i18n": ">=9"
      },
      "peerDependenciesMeta": {
        "@antv/infographic": {
          "optional": true
        },
        "@terrastruct/d2": {
          "optional": true
        },
        "katex": {
          "optional": true
        },
        "mermaid": {
          "optional": true
        },
        "shiki": {
          "optional": true
        },
        "stream-markdown": {
          "optional": true
        },
        "stream-monaco": {
          "optional": true
        },
        "vue-i18n": {
          "optional": true
        }
      }
    },
    "node_modules/math-intrinsics": {
      "version": "1.1.0",
      "license": "MIT",
      "engines": {
        "node": ">= 0.4"
      }
    },
    "node_modules/mdurl": {
      "version": "2.0.0",
      "license": "MIT"
    },
    "node_modules/mime-db": {
      "version": "1.52.0",
      "license": "MIT",
      "engines": {
        "node": ">= 0.6"
      }
    },
    "node_modules/mime-types": {
      "version": "2.1.35",
      "license": "MIT",
      "dependencies": {
        "mime-db": "1.52.0"
      },
      "engines": {
        "node": ">= 0.6"
      }
    },
    "node_modules/mitt": {
      "version": "3.0.1",
      "license": "MIT"
    },
    "node_modules/muggle-string": {
      "version": "0.4.1",
      "dev": true,
      "license": "MIT"
    },
    "node_modules/nanoid": {
      "version": "3.3.11",
      "funding": [
        {
          "type": "github",
          "url": "https://github.com/sponsors/ai"
        }
      ],
      "license": "MIT",
      "bin": {
        "nanoid": "bin/nanoid.cjs"
      },
      "engines": {
        "node": "^10 || ^12 || ^13.7 || ^14 || >=15.0.1"
      }
    },
    "node_modules/node-addon-api": {
      "version": "7.1.1",
      "dev": true,
      "license": "MIT",
      "optional": true
    },
    "node_modules/path-browserify": {
      "version": "1.0.1",
      "dev": true,
      "license": "MIT"
    },
    "node_modules/perfect-debounce": {
      "version": "1.0.0",
      "license": "MIT"
    },
    "node_modules/picocolors": {
      "version": "1.1.1",
      "license": "ISC"
    },
    "node_modules/picomatch": {
      "version": "4.0.3",
      "dev": true,
      "license": "MIT",
      "engines": {
        "node": ">=12"
      },
      "funding": {
        "url": "https://github.com/sponsors/jonschlinkert"
      }
    },
    "node_modules/pinia": {
      "version": "3.0.4",
      "license": "MIT",
      "dependencies": {
        "@vue/devtools-api": "^7.7.7"
      },
      "funding": {
        "url": "https://github.com/sponsors/posva"
      },
      "peerDependencies": {
        "typescript": ">=4.5.0",
        "vue": "^3.5.11"
      },
      "peerDependenciesMeta": {
        "typescript": {
          "optional": true
        }
      }
    },
    "node_modules/postcss": {
      "version": "8.5.8",
      "funding": [
        {
          "type": "opencollective",
          "url": "https://opencollective.com/postcss/"
        },
        {
          "type": "tidelift",
          "url": "https://tidelift.com/funding/github/npm/postcss"
        },
        {
          "type": "github",
          "url": "https://github.com/sponsors/ai"
        }
      ],
      "license": "MIT",
      "dependencies": {
        "nanoid": "^3.3.11",
        "picocolors": "^1.1.1",
        "source-map-js": "^1.2.1"
      },
      "engines": {
        "node": "^10 || ^12 || >=14"
      }
    },
    "node_modules/proxy-from-env": {
      "version": "1.1.0",
      "license": "MIT"
    },
    "node_modules/punycode.js": {
      "version": "2.3.1",
      "license": "MIT",
      "engines": {
        "node": ">=6"
      }
    },
    "node_modules/readdirp": {
      "version": "4.1.2",
      "dev": true,
      "license": "MIT",
      "engines": {
        "node": ">= 14.18.0"
      },
      "funding": {
        "type": "individual",
        "url": "https://paulmillr.com/funding/"
      }
    },
    "node_modules/resize-observer-polyfill": {
      "version": "1.5.1",
      "license": "MIT"
    },
    "node_modules/rfdc": {
      "version": "1.4.1",
      "license": "MIT"
    },
    "node_modules/rolldown": {
      "version": "1.0.0-rc.10",
      "dev": true,
      "license": "MIT",
      "dependencies": {
        "@oxc-project/types": "=0.120.0",
        "@rolldown/pluginutils": "1.0.0-rc.10"
      },
      "bin": {
        "rolldown": "bin/cli.mjs"
      },
      "engines": {
        "node": "^20.19.0 || >=22.12.0"
      },
      "optionalDependencies": {
        "@rolldown/binding-android-arm64": "1.0.0-rc.10",
        "@rolldown/binding-darwin-arm64": "1.0.0-rc.10",
        "@rolldown/binding-darwin-x64": "1.0.0-rc.10",
        "@rolldown/binding-freebsd-x64": "1.0.0-rc.10",
        "@rolldown/binding-linux-arm-gnueabihf": "1.0.0-rc.10",
        "@rolldown/binding-linux-arm64-gnu": "1.0.0-rc.10",
        "@rolldown/binding-linux-arm64-musl": "1.0.0-rc.10",
        "@rolldown/binding-linux-ppc64-gnu": "1.0.0-rc.10",
        "@rolldown/binding-linux-s390x-gnu": "1.0.0-rc.10",
        "@rolldown/binding-linux-x64-gnu": "1.0.0-rc.10",
        "@rolldown/binding-linux-x64-musl": "1.0.0-rc.10",
        "@rolldown/binding-openharmony-arm64": "1.0.0-rc.10",
        "@rolldown/binding-wasm32-wasi": "1.0.0-rc.10",
        "@rolldown/binding-win32-arm64-msvc": "1.0.0-rc.10",
        "@rolldown/binding-win32-x64-msvc": "1.0.0-rc.10"
      }
    },
    "node_modules/rolldown/node_modules/@rolldown/pluginutils": {
      "version": "1.0.0-rc.10",
      "dev": true,
      "license": "MIT"
    },
    "node_modules/rxjs": {
      "version": "7.8.1",
      "license": "Apache-2.0",
      "dependencies": {
        "tslib": "^2.1.0"
      }
    },
    "node_modules/sass": {
      "version": "1.98.0",
      "dev": true,
      "license": "MIT",
      "dependencies": {
        "chokidar": "^4.0.0",
        "immutable": "^5.1.5",
        "source-map-js": ">=0.6.2 <2.0.0"
      },
      "bin": {
        "sass": "sass.js"
      },
      "engines": {
        "node": ">=14.0.0"
      },
      "optionalDependencies": {
        "@parcel/watcher": "^2.4.1"
      }
    },
    "node_modules/scroll-into-view-if-needed": {
      "version": "3.1.0",
      "license": "MIT",
      "dependencies": {
        "compute-scroll-into-view": "^3.0.2"
      }
    },
    "node_modules/source-map-js": {
      "version": "1.2.1",
      "license": "BSD-3-Clause",
      "engines": {
        "node": ">=0.10.0"
      }
    },
    "node_modules/speakingurl": {
      "version": "14.0.1",
      "license": "BSD-3-Clause",
      "engines": {
        "node": ">=0.10.0"
      }
    },
    "node_modules/stream-markdown-parser": {
      "version": "0.0.74",
      "license": "MIT",
      "dependencies": {
        "markdown-it-container": "^4.0.0",
        "markdown-it-footnote": "^4.0.0",
        "markdown-it-ins": "^4.0.0",
        "markdown-it-mark": "^4.0.0",
        "markdown-it-sub": "^2.0.0",
        "markdown-it-sup": "^2.0.0",
        "markdown-it-task-checkbox": "^1.0.6",
        "markdown-it-ts": "^0.0.9"
      }
    },
    "node_modules/stylis": {
      "version": "4.3.6",
      "license": "MIT"
    },
    "node_modules/superjson": {
      "version": "2.2.6",
      "license": "MIT",
      "dependencies": {
        "copy-anything": "^4"
      },
      "engines": {
        "node": ">=16"
      }
    },
    "node_modules/throttle-debounce": {
      "version": "5.0.2",
      "license": "MIT",
      "engines": {
        "node": ">=12.22"
      }
    },
    "node_modules/tinyglobby": {
      "version": "0.2.15",
      "dev": true,
      "license": "MIT",
      "dependencies": {
        "fdir": "^6.5.0",
        "picomatch": "^4.0.3"
      },
      "engines": {
        "node": ">=12.0.0"
      },
      "funding": {
        "url": "https://github.com/sponsors/SuperchupuDev"
      }
    },
    "node_modules/tslib": {
      "version": "2.8.1",
      "license": "0BSD"
    },
    "node_modules/typescript": {
      "version": "5.9.3",
      "devOptional": true,
      "license": "Apache-2.0",
      "bin": {
        "tsc": "bin/tsc",
        "tsserver": "bin/tsserver"
      },
      "engines": {
        "node": ">=14.17"
      }
    },
    "node_modules/uc.micro": {
      "version": "2.1.0",
      "license": "MIT"
    },
    "node_modules/undici-types": {
      "version": "7.18.2",
      "dev": true,
      "license": "MIT"
    },
    "node_modules/untruncate-json": {
      "version": "0.0.1",
      "license": "MIT"
    },
    "node_modules/uuid": {
      "version": "11.1.0",
      "funding": [
        "https://github.com/sponsors/broofa",
        "https://github.com/sponsors/ctavan"
      ],
      "license": "MIT",
      "bin": {
        "uuid": "dist/esm/bin/uuid"
      }
    },
    "node_modules/vite": {
      "version": "8.0.1",
      "dev": true,
      "license": "MIT",
      "dependencies": {
        "lightningcss": "^1.32.0",
        "picomatch": "^4.0.3",
        "postcss": "^8.5.8",
        "rolldown": "1.0.0-rc.10",
        "tinyglobby": "^0.2.15"
      },
      "bin": {
        "vite": "bin/vite.js"
      },
      "engines": {
        "node": "^20.19.0 || >=22.12.0"
      },
      "funding": {
        "url": "https://github.com/vitejs/vite?sponsor=1"
      },
      "optionalDependencies": {
        "fsevents": "~2.3.3"
      },
      "peerDependencies": {
        "@types/node": "^20.19.0 || >=22.12.0",
        "@vitejs/devtools": "^0.1.0",
        "esbuild": "^0.27.0",
        "jiti": ">=1.21.0",
        "less": "^4.0.0",
        "sass": "^1.70.0",
        "sass-embedded": "^1.70.0",
        "stylus": ">=0.54.8",
        "sugarss": "^5.0.0",
        "terser": "^5.16.0",
        "tsx": "^4.8.1",
        "yaml": "^2.4.2"
      },
      "peerDependenciesMeta": {
        "@types/node": {
          "optional": true
        },
        "@vitejs/devtools": {
          "optional": true
        },
        "esbuild": {
          "optional": true
        },
        "jiti": {
          "optional": true
        },
        "less": {
          "optional": true
        },
        "sass": {
          "optional": true
        },
        "sass-embedded": {
          "optional": true
        },
        "stylus": {
          "optional": true
        },
        "sugarss": {
          "optional": true
        },
        "terser": {
          "optional": true
        },
        "tsx": {
          "optional": true
        },
        "yaml": {
          "optional": true
        }
      }
    },
    "node_modules/vscode-uri": {
      "version": "3.1.0",
      "dev": true,
      "license": "MIT"
    },
    "node_modules/vue": {
      "version": "3.5.30",
      "license": "MIT",
      "dependencies": {
        "@vue/compiler-dom": "3.5.30",
        "@vue/compiler-sfc": "3.5.30",
        "@vue/runtime-dom": "3.5.30",
        "@vue/server-renderer": "3.5.30",
        "@vue/shared": "3.5.30"
      },
      "peerDependencies": {
        "typescript": "*"
      },
      "peerDependenciesMeta": {
        "typescript": {
          "optional": true
        }
      }
    },
    "node_modules/vue-router": {
      "version": "4.6.4",
      "license": "MIT",
      "dependencies": {
        "@vue/devtools-api": "^6.6.4"
      },
      "funding": {
        "url": "https://github.com/sponsors/posva"
      },
      "peerDependencies": {
        "vue": "^3.5.0"
      }
    },
    "node_modules/vue-router/node_modules/@vue/devtools-api": {
      "version": "6.6.4",
      "license": "MIT"
    },
    "node_modules/vue-tsc": {
      "version": "3.2.6",
      "dev": true,
      "license": "MIT",
      "dependencies": {
        "@volar/typescript": "2.4.28",
        "@vue/language-core": "3.2.6"
      },
      "bin": {
        "vue-tsc": "bin/vue-tsc.js"
      },
      "peerDependencies": {
        "typescript": ">=5.0.0"
      }
    },
    "node_modules/zod": {
      "version": "3.25.76",
      "license": "MIT",
      "funding": {
        "url": "https://github.com/sponsors/colinhacks"
      }
    }
  }
}
